# This file is automatically @generated by Cargo.
# It is not intended for manual editing.
version = 3

[[package]]
name = "anyhow"
version = "1.0.93"
source = "registry+https://github.com/rust-lang/crates.io-index"
checksum = "4c95c10ba0b00a02636238b814946408b1322d5ac4760326e6fb8ec956d85775"

[[package]]
name = "byteorder"
version = "1.5.0"
source = "registry+https://github.com/rust-lang/crates.io-index"
checksum = "1fd0f2584146f6f2ef48085050886acf353beff7305ebd1ae69500e27c67f64b"

[[package]]
name = "roxmltree"
version = "0.16.0"
source = "registry+https://github.com/rust-lang/crates.io-index"
checksum = "fb6d47b59770b0ae88c7f270c68502832ec14d8c7ab5f7a584f204bb76dbfd8e"
dependencies = [
 "xmlparser",
]

[[package]]
name = "rust-android-xml"
version = "0.1.0"
dependencies = [
 "anyhow",
 "byteorder",
 "roxmltree",
]

[[package]]
name = "xmlparser"
version = "0.13.6"
source = "registry+https://github.com/rust-lang/crates.io-index"
checksum = "66fee0b777b0f5ac1c69bb06d361268faafa61cd4682ae064a171c16c433e9e4"
